hash: 0f381cfbf403b40eee135679b93ec5948c7991cfe2c3c98da4722aa54338fca0
updated: 2017-09-26T21:34:35.012622228+02:00
imports:
- name: github.com/cpo/events
  version: a2588f57ec3aa28c7e72031f1d0033bdebc2362d
  subpackages:
  - actions
  - bridges
  - bridges/hue
  - bridges/mqtt
  - bridges/zwave
  - interfaces
  - manager
  - rules
- name: github.com/cpo/go-hue
  version: 63952c02d1a4379129ecdaf277528c43e2cb46d7
  subpackages:
  - groups
  - hue
  - lights
  - portal
  - sensors
- name: github.com/davecgh/go-spew
  version: a476722483882dd40b8111f0eb64e1d7f43f56e4
  subpackages:
  - spew
- name: github.com/pborman/uuid
  version: e790cca94e6cc75c7064b1332e63811d4aae1a53
- name: github.com/satori/go.uuid
  version: 5bf94b69c6b68ee1b541973bb8e1144db23a194b
- name: github.com/Sirupsen/logrus
  version: 89742aefa4b206dcf400792f3bd35b542998eb3b
- name: github.com/stampzilla/gozwave
  version: de0e793effe4a9d56e75f269aaa83fd4d3cb414b
  subpackages:
  - commands
  - commands/reports
  - database
  - events
  - interfaces
  - nodes
  - protocol
  - serialapi
- name: github.com/tarm/serial
  version: 794054cb266296569307c08d1b475f44505dfab1
- name: github.com/yosssi/gmq
  version: 8b6f29886d48001ed1f76ee3f1471355b0b64b21
  subpackages:
  - mqtt
  - mqtt/client
  - mqtt/packet
- name: golang.org/x/crypto
  version: 847319b7fc94cab682988f93da778204da164588
  subpackages:
  - ssh/terminal
- name: golang.org/x/sys
  version: 429f518978ab01db8bb6f44b66785088e7fba58b
  subpackages:
  - unix
  - windows
testImports: []
